
Microsoft Visual Studio Solution File, Format Version 12.00
Project("{F2A71F9B-5D33-465A-A702-920D77279786}") = "FProg_WarAndPeace_GruppeG", "FProg_WarAndPeace_GruppeG\FProg_WarAndPeace_GruppeG.fsproj", "{AFE52989-8D0B-4018-8524-74B8B4C552C6}"
EndProject
Global
	GlobalSection(SolutionConfigurationPlatforms) = preSolution
		Debug|Any CPU = Debug|Any CPU
		Release|Any CPU = Release|Any CPU
	EndGlobalSection
	GlobalSection(ProjectConfigurationPlatforms) = postSolution
		{AFE52989-8D0B-4018-8524-74B8B4C552C6}.Debug|Any CPU.ActiveCfg = Debug|Any CPU
		{AFE52989-8D0B-4018-8524-74B8B4C552C6}.Debug|Any CPU.Build.0 = Debug|Any CPU
		{AFE52989-8D0B-4018-8524-74B8B4C552C6}.Release|Any CPU.ActiveCfg = Release|Any CPU
		{AFE52989-8D0B-4018-8524-74B8B4C552C6}.Release|Any CPU.Build.0 = Release|Any CPU
	EndGlobalSection
EndGlobal
